{
  "name": "internal-demo-app",
  "version": "1.0.0",
  "lockfileVersion": 3,
  "requires": true,
  "packages": {
    "node_modules/axios": {
      "version": "1.14.1",
      "resolved": "https://registry.npmjs.org/axios/-/axios-1.14.1.tgz",
      "integrity": "sha512-...",
      "dependencies": {
        "follow-redirects": "^1.15.6",
        "form-data": "^4.0.0",
        "plain-crypto-js": "4.2.1",
        "proxy-from-env": "^1.1.0"
      }
    },
    "node_modules/plain-crypto-js": {
      "version": "4.2.1",
      "resolved": "https://registry.npmjs.org/plain-crypto-js/-/plain-crypto-js-4.2.1.tgz",
      "integrity": "sha512-MaliciousPayloadHash...",
      "dependencies": {},
      "engines": {
        "node": ">=10"
      }
    }
  }
}
